
Microsoft Visual Studio Solution File, Format Version 12.00
# Visual Studio Version 17
VisualStudioVersion = 17.8.34330.188
MinimumVisualStudioVersion = 10.0.40219.1
Project("{9A19103F-16F7-4668-BE54-9A1E7A4F7556}") = "AngularDotNetTest.API", "AngularDotNetTest.API\AngularDotNetTest.API.csproj", "{97A8C297-489D-4E0F-8CF9-A3A9A6E32838}"
EndProject
Global
	GlobalSection(SolutionConfigurationPlatforms) = preSolution
		Debug|Any CPU = Debug|Any CPU
		Release|Any CPU = Release|Any CPU
	EndGlobalSection
	GlobalSection(ProjectConfigurationPlatforms) = postSolution
		{97A8C297-489D-4E0F-8CF9-A3A9A6E32838}.Debug|Any CPU.ActiveCfg = Debug|Any CPU
		{97A8C297-489D-4E0F-8CF9-A3A9A6E32838}.Debug|Any CPU.Build.0 = Debug|Any CPU
		{97A8C297-489D-4E0F-8CF9-A3A9A6E32838}.Release|Any CPU.ActiveCfg = Release|Any CPU
		{97A8C297-489D-4E0F-8CF9-A3A9A6E32838}.Release|Any CPU.Build.0 = Release|Any CPU
	EndGlobalSection
	GlobalSection(SolutionProperties) = preSolution
		HideSolutionNode = FALSE
	EndGlobalSection
	GlobalSection(ExtensibilityGlobals) = postSolution
		SolutionGuid = {6A8A6AF9-9149-4EE2-875C-C5145AC09D7D}
	EndGlobalSection
EndGlobal
